
Microsoft Visual Studio Solution File, Format Version 12.00
# Visual Studio Version 17
VisualStudioVersion = 17.14.36109.1
MinimumVisualStudioVersion = 10.0.40219.1
Project("{FAE04EC0-301F-11D3-BF4B-00C04F79EFBC}") = "WpfApp_01_Base", "WpfApp_01_Base\WpfApp_01_Base.csproj", "{2749D89A-C8BB-4743-BE18-6997962FE99A}"
EndProject
Project("{FAE04EC0-301F-11D3-BF4B-00C04F79EFBC}") = "HelloWPFApp", "HelloWPFApp\HelloWPFApp.csproj", "{674D6ECC-0E9A-426E-9EDB-98880551B6E7}"
EndProject
Project("{FAE04EC0-301F-11D3-BF4B-00C04F79EFBC}") = "ExpenseIt", "ExpenseIt\ExpenseIt.csproj", "{7802BB81-33E3-40F5-A33E-7093AD2FE018}"
EndProject
Project("{FAE04EC0-301F-11D3-BF4B-00C04F79EFBC}") = "ExpenseIt2", "ExpenseIt2\ExpenseIt2.csproj", "{050EEF4B-80AF-43B1-966F-D3ACA0E7D8AC}"
EndProject
Project("{FAE04EC0-301F-11D3-BF4B-00C04F79EFBC}") = "WpfApp_Grid_runing", "WpfApp_Grid_runing\WpfApp_Grid_runing.csproj", "{0FCE336B-21EE-4529-8657-9931943AAC46}"
EndProject
Project("{FAE04EC0-301F-11D3-BF4B-00C04F79EFBC}") = "WpfApp_Slider_Runing", "WpfApp_Slider_Runing\WpfApp_Slider_Runing.csproj", "{102D2263-5249-4824-8947-B7898F16BB7C}"
EndProject
Project("{FAE04EC0-301F-11D3-BF4B-00C04F79EFBC}") = "WpfApp_02_Advanced", "WpfApp_02_Advanced\WpfApp_02_Advanced.csproj", "{B205739C-AD95-4185-97E5-91712DB0863D}"
EndProject
Project("{FAE04EC0-301F-11D3-BF4B-00C04F79EFBC}") = "WpfApp_Imgae_Runing", "WpfApp_Imgae_Runing\WpfApp_Imgae_Runing.csproj", "{50266F26-6067-481A-A967-FE6F13B55407}"
EndProject
Project("{FAE04EC0-301F-11D3-BF4B-00C04F79EFBC}") = "WpfApp_DataGrid_Runing", "WpfApp_DataGrid_Runing\WpfApp_DataGrid_Runing.csproj", "{C16CA51A-F640-4AFD-A8EA-F3769EBFFF5C}"
EndProject
Project("{FAE04EC0-301F-11D3-BF4B-00C04F79EFBC}") = "WpfApp_03_ScottPlot", "WpfApp_03_ScottPlot\WpfApp_03_ScottPlot.csproj", "{65B78D00-505E-480F-8A7F-B72E4EE87A84}"
EndProject
Project("{FAE04EC0-301F-11D3-BF4B-00C04F79EFBC}") = "WpfApp_04_Dessin", "WpfApp_04_Dessin\WpfApp_04_Dessin.csproj", "{EAAAFDB8-8B37-4921-9ED1-F1F9B808EE1C}"
EndProject
Global
	GlobalSection(SolutionConfigurationPlatforms) = preSolution
		Debug|Any CPU = Debug|Any CPU
		Release|Any CPU = Release|Any CPU
	EndGlobalSection
	GlobalSection(ProjectConfigurationPlatforms) = postSolution
		{2749D89A-C8BB-4743-BE18-6997962FE99A}.Debug|Any CPU.ActiveCfg = Debug|Any CPU
		{2749D89A-C8BB-4743-BE18-6997962FE99A}.Debug|Any CPU.Build.0 = Debug|Any CPU
		{2749D89A-C8BB-4743-BE18-6997962FE99A}.Release|Any CPU.ActiveCfg = Release|Any CPU
		{2749D89A-C8BB-4743-BE18-6997962FE99A}.Release|Any CPU.Build.0 = Release|Any CPU
		{674D6ECC-0E9A-426E-9EDB-98880551B6E7}.Debug|Any CPU.ActiveCfg = Debug|Any CPU
		{674D6ECC-0E9A-426E-9EDB-98880551B6E7}.Debug|Any CPU.Build.0 = Debug|Any CPU
		{674D6ECC-0E9A-426E-9EDB-98880551B6E7}.Release|Any CPU.ActiveCfg = Release|Any CPU
		{674D6ECC-0E9A-426E-9EDB-98880551B6E7}.Release|Any CPU.Build.0 = Release|Any CPU
		{7802BB81-33E3-40F5-A33E-7093AD2FE018}.Debug|Any CPU.ActiveCfg = Debug|Any CPU
		{7802BB81-33E3-40F5-A33E-7093AD2FE018}.Debug|Any CPU.Build.0 = Debug|Any CPU
		{7802BB81-33E3-40F5-A33E-7093AD2FE018}.Release|Any CPU.ActiveCfg = Release|Any CPU
		{7802BB81-33E3-40F5-A33E-7093AD2FE018}.Release|Any CPU.Build.0 = Release|Any CPU
		{050EEF4B-80AF-43B1-966F-D3ACA0E7D8AC}.Debug|Any CPU.ActiveCfg = Debug|Any CPU
		{050EEF4B-80AF-43B1-966F-D3ACA0E7D8AC}.Debug|Any CPU.Build.0 = Debug|Any CPU
		{050EEF4B-80AF-43B1-966F-D3ACA0E7D8AC}.Release|Any CPU.ActiveCfg = Release|Any CPU
		{050EEF4B-80AF-43B1-966F-D3ACA0E7D8AC}.Release|Any CPU.Build.0 = Release|Any CPU
		{0FCE336B-21EE-4529-8657-9931943AAC46}.Debug|Any CPU.ActiveCfg = Debug|Any CPU
		{0FCE336B-21EE-4529-8657-9931943AAC46}.Debug|Any CPU.Build.0 = Debug|Any CPU
		{0FCE336B-21EE-4529-8657-9931943AAC46}.Release|Any CPU.ActiveCfg = Release|Any CPU
		{0FCE336B-21EE-4529-8657-9931943AAC46}.Release|Any CPU.Build.0 = Release|Any CPU
		{102D2263-5249-4824-8947-B7898F16BB7C}.Debug|Any CPU.ActiveCfg = Debug|Any CPU
		{102D2263-5249-4824-8947-B7898F16BB7C}.Debug|Any CPU.Build.0 = Debug|Any CPU
		{102D2263-5249-4824-8947-B7898F16BB7C}.Release|Any CPU.ActiveCfg = Release|Any CPU
		{102D2263-5249-4824-8947-B7898F16BB7C}.Release|Any CPU.Build.0 = Release|Any CPU
		{B205739C-AD95-4185-97E5-91712DB0863D}.Debug|Any CPU.ActiveCfg = Debug|Any CPU
		{B205739C-AD95-4185-97E5-91712DB0863D}.Debug|Any CPU.Build.0 = Debug|Any CPU
		{B205739C-AD95-4185-97E5-91712DB0863D}.Release|Any CPU.ActiveCfg = Release|Any CPU
		{B205739C-AD95-4185-97E5-91712DB0863D}.Release|Any CPU.Build.0 = Release|Any CPU
		{50266F26-6067-481A-A967-FE6F13B55407}.Debug|Any CPU.ActiveCfg = Debug|Any CPU
		{50266F26-6067-481A-A967-FE6F13B55407}.Debug|Any CPU.Build.0 = Debug|Any CPU
		{50266F26-6067-481A-A967-FE6F13B55407}.Release|Any CPU.ActiveCfg = Release|Any CPU
		{50266F26-6067-481A-A967-FE6F13B55407}.Release|Any CPU.Build.0 = Release|Any CPU
		{C16CA51A-F640-4AFD-A8EA-F3769EBFFF5C}.Debug|Any CPU.ActiveCfg = Debug|Any CPU
		{C16CA51A-F640-4AFD-A8EA-F3769EBFFF5C}.Debug|Any CPU.Build.0 = Debug|Any CPU
		{C16CA51A-F640-4AFD-A8EA-F3769EBFFF5C}.Release|Any CPU.ActiveCfg = Release|Any CPU
		{C16CA51A-F640-4AFD-A8EA-F3769EBFFF5C}.Release|Any CPU.Build.0 = Release|Any CPU
		{65B78D00-505E-480F-8A7F-B72E4EE87A84}.Debug|Any CPU.ActiveCfg = Debug|Any CPU
		{65B78D00-505E-480F-8A7F-B72E4EE87A84}.Debug|Any CPU.Build.0 = Debug|Any CPU
		{65B78D00-505E-480F-8A7F-B72E4EE87A84}.Release|Any CPU.ActiveCfg = Release|Any CPU
		{65B78D00-505E-480F-8A7F-B72E4EE87A84}.Release|Any CPU.Build.0 = Release|Any CPU
		{EAAAFDB8-8B37-4921-9ED1-F1F9B808EE1C}.Debug|Any CPU.ActiveCfg = Debug|Any CPU
		{EAAAFDB8-8B37-4921-9ED1-F1F9B808EE1C}.Debug|Any CPU.Build.0 = Debug|Any CPU
		{EAAAFDB8-8B37-4921-9ED1-F1F9B808EE1C}.Release|Any CPU.ActiveCfg = Release|Any CPU
		{EAAAFDB8-8B37-4921-9ED1-F1F9B808EE1C}.Release|Any CPU.Build.0 = Release|Any CPU
	EndGlobalSection
	GlobalSection(SolutionProperties) = preSolution
		HideSolutionNode = FALSE
	EndGlobalSection
	GlobalSection(ExtensibilityGlobals) = postSolution
		SolutionGuid = {F9370A8F-C47E-43AF-8EE9-AE7EA43D4C3D}
	EndGlobalSection
EndGlobal
